
Microsoft Visual Studio Solution File, Format Version 12.00
# Visual Studio 15
VisualStudioVersion = 15.0.28307.539
MinimumVisualStudioVersion = 10.0.40219.1
Project("{FAE04EC0-301F-11D3-BF4B-00C04F79EFBC}") = "AutomatedTellerMachine", "AutomatedTellerMachine\AutomatedTellerMachine.csproj", "{7004B87C-F55C-49A1-A1AD-7D2FE553B043}"
EndProject
Project("{FAE04EC0-301F-11D3-BF4B-00C04F79EFBC}") = "AutomatedTellerMachine.Tests", "AutomatedTellerMachine.Tests\AutomatedTellerMachine.Tests.csproj", "{07857E45-416C-4941-A095-815B2B12BBB6}"
EndProject
Global
	GlobalSection(SolutionConfigurationPlatforms) = preSolution
		Debug|Any CPU = Debug|Any CPU
		Release|Any CPU = Release|Any CPU
	EndGlobalSection
	GlobalSection(ProjectConfigurationPlatforms) = postSolution
		{7004B87C-F55C-49A1-A1AD-7D2FE553B043}.Debug|Any CPU.ActiveCfg = Debug|Any CPU
		{7004B87C-F55C-49A1-A1AD-7D2FE553B043}.Debug|Any CPU.Build.0 = Debug|Any CPU
		{7004B87C-F55C-49A1-A1AD-7D2FE553B043}.Release|Any CPU.ActiveCfg = Release|Any CPU
		{7004B87C-F55C-49A1-A1AD-7D2FE553B043}.Release|Any CPU.Build.0 = Release|Any CPU
		{07857E45-416C-4941-A095-815B2B12BBB6}.Debug|Any CPU.ActiveCfg = Debug|Any CPU
		{07857E45-416C-4941-A095-815B2B12BBB6}.Debug|Any CPU.Build.0 = Debug|Any CPU
		{07857E45-416C-4941-A095-815B2B12BBB6}.Release|Any CPU.ActiveCfg = Release|Any CPU
		{07857E45-416C-4941-A095-815B2B12BBB6}.Release|Any CPU.Build.0 = Release|Any CPU
	EndGlobalSection
	GlobalSection(SolutionProperties) = preSolution
		HideSolutionNode = FALSE
	EndGlobalSection
	GlobalSection(ExtensibilityGlobals) = postSolution
		SolutionGuid = {C099CB6A-AAB5-44D8-9EC7-1F5E9E52D885}
	EndGlobalSection
EndGlobal
